// !$*UTF8*$!
{
	archiveVersion = 1;
	classes = {
	};
	objectVersion = 46;
	objects = {

/* Begin PBXBuildFile section */
		8E41E3B11DD61C350047F302 /* SectionHeaderView1.swift in Sources */ = {isa = PBXBuildFile; fileRef = 8E41E3B01DD61C350047F302 /* SectionHeaderView1.swift */; };
		8E41E3B31DD61C970047F302 /* SectionHeaderView1.xib in Resources */ = {isa = PBXBuildFile; fileRef = 8E41E3B21DD61C970047F302 /* SectionHeaderView1.xib */; };
		8E70692F1DD24AD80099F4DB /* AnimationClass.swift in Sources */ = {isa = PBXBuildFile; fileRef = 8E70692E1DD24AD80099F4DB /* AnimationClass.swift */; };
		8E7069361DD24AE40099F4DB /* CodeCellView.swift in Sources */ = {isa = PBXBuildFile; fileRef = 8E7069321DD24AE40099F4DB /* CodeCellView.swift */; };
		8E7069371DD24AE40099F4DB /* CellView.swift in Sources */ = {isa = PBXBuildFile; fileRef = 8E7069341DD24AE40099F4DB /* CellView.swift */; };
		8E7069381DD24AE40099F4DB /* CellView.xib in Resources */ = {isa = PBXBuildFile; fileRef = 8E7069351DD24AE40099F4DB /* CellView.xib */; };
		8E7069421DD24AED0099F4DB /* CodePinkSectionHeaderView.swift in Sources */ = {isa = PBXBuildFile; fileRef = 8E70693B1DD24AED0099F4DB /* CodePinkSectionHeaderView.swift */; };
		8E7069431DD24AED0099F4DB /* CodeWhiteSectionHeaderView.swift in Sources */ = {isa = PBXBuildFile; fileRef = 8E70693C1DD24AED0099F4DB /* CodeWhiteSectionHeaderView.swift */; };
		9076E77D44D53C5C1AD8D5A1 /* Pods_JHHSAN.framework in Frameworks */ = {isa = PBXBuildFile; fileRef = E7E392AE9FAD45BDA0EA06B7 /* Pods_JHHSAN.framework */; };
		D71A57C21DB66E00005992D0 /* AppDelegate.swift in Sources */ = {isa = PBXBuildFile; fileRef = D71A57C11DB66E00005992D0 /* AppDelegate.swift */; };
		D71A57C41DB66E00005992D0 /* ViewController.swift in Sources */ = {isa = PBXBuildFile; fileRef = D71A57C31DB66E00005992D0 /* ViewController.swift */; };
		D71A57C71DB66E00005992D0 /* Main.storyboard in Resources */ = {isa = PBXBuildFile; fileRef = D71A57C51DB66E00005992D0 /* Main.storyboard */; };
		D71A57C91DB66E00005992D0 /* Assets.xcassets in Resources */ = {isa = PBXBuildFile; fileRef = D71A57C81DB66E00005992D0 /* Assets.xcassets */; };
		D71A57CC1DB66E00005992D0 /* LaunchScreen.storyboard in Resources */ = {isa = PBXBuildFile; fileRef = D71A57CA1DB66E00005992D0 /* LaunchScreen.storyboard */; };
		D769110E1DBA67400074D26A /* SafariViewController.swift in Sources */ = {isa = PBXBuildFile; fileRef = D769110D1DBA67400074D26A /* SafariViewController.swift */; };
		D77657F51DBFABAF00721C57 /* HerseyHandbookViewController.swift in Sources */ = {isa = PBXBuildFile; fileRef = D77657F41DBFABAF00721C57 /* HerseyHandbookViewController.swift */; };
/* End PBXBuildFile section */

/* Begin PBXFileReference section */
		2053185111230829E44ECBEA /* Pods-JHHSAN.release.xcconfig */ = {isa = PBXFileReference; includeInIndex = 1; lastKnownFileType = text.xcconfig; name = "Pods-JHHSAN.release.xcconfig"; path = "Pods/Target Support Files/Pods-JHHSAN/Pods-JHHSAN.release.xcconfig"; sourceTree = "<group>"; };
		8E41E3B01DD61C350047F302 /* SectionHeaderView1.swift */ = {isa = PBXFileReference; fileEncoding = 4; lastKnownFileType = sourcecode.swift; path = SectionHeaderView1.swift; sourceTree = "<group>"; };
		8E41E3B21DD61C970047F302 /* SectionHeaderView1.xib */ = {isa = PBXFileReference; fileEncoding = 4; lastKnownFileType = file.xib; path = SectionHeaderView1.xib; sourceTree = "<group>"; };
		8E70692E1DD24AD80099F4DB /* AnimationClass.swift */ = {isa = PBXFileReference; fileEncoding = 4; lastKnownFileType = sourcecode.swift; path = AnimationClass.swift; sourceTree = "<group>"; };
		8E7069321DD24AE40099F4DB /* CodeCellView.swift */ = {isa = PBXFileReference; fileEncoding = 4; lastKnownFileType = sourcecode.swift; name = CodeCellView.swift; path = ExampleDateCells/DateCellCreatedWithCode/CodeCellView.swift; sourceTree = "<group>"; };
		8E7069341DD24AE40099F4DB /* CellView.swift */ = {isa = PBXFileReference; fileEncoding = 4; lastKnownFileType = sourcecode.swift; name = CellView.swift; path = ExampleDateCells/DateCellCreatedWithXIB/CellView.swift; sourceTree = "<group>"; };
		8E7069351DD24AE40099F4DB /* CellView.xib */ = {isa = PBXFileReference; fileEncoding = 4; lastKnownFileType = file.xib; name = CellView.xib; path = ExampleDateCells/DateCellCreatedWithXIB/CellView.xib; sourceTree = "<group>"; };
		8E70693B1DD24AED0099F4DB /* CodePinkSectionHeaderView.swift */ = {isa = PBXFileReference; fileEncoding = 4; lastKnownFileType = sourcecode.swift; name = CodePinkSectionHeaderView.swift; path = ExampleDateCells/ExampleSectionHeaders/HeaderAsClass/CodePinkSectionHeaderView.swift; sourceTree = "<group>"; };
		8E70693C1DD24AED0099F4DB /* CodeWhiteSectionHeaderView.swift */ = {isa = PBXFileReference; fileEncoding = 4; lastKnownFileType = sourcecode.swift; name = CodeWhiteSectionHeaderView.swift; path = ExampleDateCells/ExampleSectionHeaders/HeaderAsClass/CodeWhiteSectionHeaderView.swift; sourceTree = "<group>"; };
		D71A57BE1DB66E00005992D0 /* JHHSAN.app */ = {isa = PBXFileReference; explicitFileType = wrapper.application; includeInIndex = 0; path = JHHSAN.app; sourceTree = BUILT_PRODUCTS_DIR; };
		D71A57C11DB66E00005992D0 /* AppDelegate.swift */ = {isa = PBXFileReference; lastKnownFileType = sourcecode.swift; path = AppDelegate.swift; sourceTree = "<group>"; };
		D71A57C31DB66E00005992D0 /* ViewController.swift */ = {isa = PBXFileReference; lastKnownFileType = sourcecode.swift; path = ViewController.swift; sourceTree = "<group>"; };
		D71A57C61DB66E00005992D0 /* Base */ = {isa = PBXFileReference; lastKnownFileType = file.storyboard; name = Base; path = Base.lproj/Main.storyboard; sourceTree = "<group>"; };
		D71A57C81DB66E00005992D0 /* Assets.xcassets */ = {isa = PBXFileReference; lastKnownFileType = folder.assetcatalog; path = Assets.xcassets; sourceTree = "<group>"; };
		D71A57CB1DB66E00005992D0 /* Base */ = {isa = PBXFileReference; lastKnownFileType = file.storyboard; name = Base; path = Base.lproj/LaunchScreen.storyboard; sourceTree = "<group>"; };
		D71A57CD1DB66E00005992D0 /* Info.plist */ = {isa = PBXFileReference; lastKnownFileType = text.plist.xml; path = Info.plist; sourceTree = "<group>"; };
		D769110D1DBA67400074D26A /* SafariViewController.swift */ = {isa = PBXFileReference; fileEncoding = 4; lastKnownFileType = sourcecode.swift; path = SafariViewController.swift; sourceTree = "<group>"; };
		D77657F41DBFABAF00721C57 /* HerseyHandbookViewController.swift */ = {isa = PBXFileReference; fileEncoding = 4; lastKnownFileType = sourcecode.swift; name = HerseyHandbookViewController.swift; path = ../HerseyHandbookViewController.swift; sourceTree = "<group>"; };
		E7E392AE9FAD45BDA0EA06B7 /* Pods_JHHSAN.framework */ = {isa = PBXFileReference; explicitFileType = wrapper.framework; includeInIndex = 0; path = Pods_JHHSAN.framework; sourceTree = BUILT_PRODUCTS_DIR; };
		FCE48424D2AFA38954625E73 /* Pods-JHHSAN.debug.xcconfig */ = {isa = PBXFileReference; includeInIndex = 1; lastKnownFileType = text.xcconfig; name = "Pods-JHHSAN.debug.xcconfig"; path = "Pods/Target Support Files/Pods-JHHSAN/Pods-JHHSAN.debug.xcconfig"; sourceTree = "<group>"; };
/* End PBXFileReference section */

/* Begin PBXFrameworksBuildPhase section */
		D71A57BB1DB66E00005992D0 /* Frameworks */ = {
			isa = PBXFrameworksBuildPhase;
			buildActionMask = 2147483647;
			files = (
				9076E77D44D53C5C1AD8D5A1 /* Pods_JHHSAN.framework in Frameworks */,
			);
			runOnlyForDeploymentPostprocessing = 0;
		};
/* End PBXFrameworksBuildPhase section */

/* Begin PBXGroup section */
		4EAC0E70E7E84D88E3E3E795 /* Pods */ = {
			isa = PBXGroup;
			children = (
				FCE48424D2AFA38954625E73 /* Pods-JHHSAN.debug.xcconfig */,
				2053185111230829E44ECBEA /* Pods-JHHSAN.release.xcconfig */,
			);
			name = Pods;
			sourceTree = "<group>";
		};
		8E1C3C6E1DD4E0C200EE5E61 /* Code Borrowed from JT */ = {
			isa = PBXGroup;
			children = (
				8E70692E1DD24AD80099F4DB /* AnimationClass.swift */,
				8E70693B1DD24AED0099F4DB /* CodePinkSectionHeaderView.swift */,
				8E70693C1DD24AED0099F4DB /* CodeWhiteSectionHeaderView.swift */,
				8E7069321DD24AE40099F4DB /* CodeCellView.swift */,
				8E7069341DD24AE40099F4DB /* CellView.swift */,
				8E7069351DD24AE40099F4DB /* CellView.xib */,
			);
			name = "Code Borrowed from JT";
			path = JHHSAN;
			sourceTree = "<group>";
		};
		CC04E514F7B04FB5D5E01BA4 /* Frameworks */ = {
			isa = PBXGroup;
			children = (
				E7E392AE9FAD45BDA0EA06B7 /* Pods_JHHSAN.framework */,
			);
			name = Frameworks;
			sourceTree = "<group>";
		};
		D71A57B51DB66E00005992D0 = {
			isa = PBXGroup;
			children = (
				D71A57C01DB66E00005992D0 /* JHHSAN */,
				8E1C3C6E1DD4E0C200EE5E61 /* Code Borrowed from JT */,
				D71A57BF1DB66E00005992D0 /* Products */,
				4EAC0E70E7E84D88E3E3E795 /* Pods */,
				CC04E514F7B04FB5D5E01BA4 /* Frameworks */,
			);
			sourceTree = "<group>";
		};
		D71A57BF1DB66E00005992D0 /* Products */ = {
			isa = PBXGroup;
			children = (
				D71A57BE1DB66E00005992D0 /* JHHSAN.app */,
			);
			name = Products;
			sourceTree = "<group>";
		};
		D71A57C01DB66E00005992D0 /* JHHSAN */ = {
			isa = PBXGroup;
			children = (
				D71A57C11DB66E00005992D0 /* AppDelegate.swift */,
				D71A57C31DB66E00005992D0 /* ViewController.swift */,
				D769110D1DBA67400074D26A /* SafariViewController.swift */,
				D77657F41DBFABAF00721C57 /* HerseyHandbookViewController.swift */,
				D71A57C51DB66E00005992D0 /* Main.storyboard */,
				D71A57C81DB66E00005992D0 /* Assets.xcassets */,
				D71A57CA1DB66E00005992D0 /* LaunchScreen.storyboard */,
				D71A57CD1DB66E00005992D0 /* Info.plist */,
				8E41E3B01DD61C350047F302 /* SectionHeaderView1.swift */,
				8E41E3B21DD61C970047F302 /* SectionHeaderView1.xib */,
			);
			path = JHHSAN;
			sourceTree = "<group>";
		};
/* End PBXGroup section */

/* Begin PBXNativeTarget section */
		D71A57BD1DB66E00005992D0 /* JHHSAN */ = {
			isa = PBXNativeTarget;
			buildConfigurationList = D71A57D01DB66E00005992D0 /* Build configuration list for PBXNativeTarget "JHHSAN" */;
			buildPhases = (
				F9F4FCCB67A040D07B7C03C7 /* [CP] Check Pods Manifest.lock */,
				D71A57BA1DB66E00005992D0 /* Sources */,
				D71A57BB1DB66E00005992D0 /* Frameworks */,
				D71A57BC1DB66E00005992D0 /* Resources */,
				0F7328539465D9483640728E /* [CP] Embed Pods Frameworks */,
				CA57552E2E2840DDE645DD6E /* [CP] Copy Pods Resources */,
			);
			buildRules = (
			);
			dependencies = (
			);
			name = JHHSAN;
			productName = JHHSAN;
			productReference = D71A57BE1DB66E00005992D0 /* JHHSAN.app */;
			productType = "com.apple.product-type.application";
		};
/* End PBXNativeTarget section */

/* Begin PBXProject section */
		D71A57B61DB66E00005992D0 /* Project object */ = {
			isa = PBXProject;
			attributes = {
				LastSwiftUpdateCheck = 0810;
				LastUpgradeCheck = 0800;
				ORGANIZATIONNAME = "John Hersey High School";
				TargetAttributes = {
					D71A57BD1DB66E00005992D0 = {
						CreatedOnToolsVersion = 8.1;
						DevelopmentTeam = BWYT76Q3DS;
						ProvisioningStyle = Automatic;
					};
				};
			};
			buildConfigurationList = D71A57B91DB66E00005992D0 /* Build configuration list for PBXProject "JHHSAN" */;
			compatibilityVersion = "Xcode 3.2";
			developmentRegion = English;
			hasScannedForEncodings = 0;
			knownRegions = (
				en,
				Base,
			);
			mainGroup = D71A57B51DB66E00005992D0;
			productRefGroup = D71A57BF1DB66E00005992D0 /* Products */;
			projectDirPath = "";
			projectRoot = "";
			targets = (
				D71A57BD1DB66E00005992D0 /* JHHSAN */,
			);
		};
/* End PBXProject section */

/* Begin PBXResourcesBuildPhase section */
		D71A57BC1DB66E00005992D0 /* Resources */ = {
			isa = PBXResourcesBuildPhase;
			buildActionMask = 2147483647;
			files = (
				8E7069381DD24AE40099F4DB /* CellView.xib in Resources */,
				D71A57CC1DB66E00005992D0 /* LaunchScreen.storyboard in Resources */,
				8E41E3B31DD61C970047F302 /* SectionHeaderView1.xib in Resources */,
				D71A57C91DB66E00005992D0 /* Assets.xcassets in Resources */,
				D71A57C71DB66E00005992D0 /* Main.storyboard in Resources */,
			);
			runOnlyForDeploymentPostprocessing = 0;
		};
/* End PBXResourcesBuildPhase section */

/* Begin PBXShellScriptBuildPhase section */
		0F7328539465D9483640728E /* [CP] Embed Pods Frameworks */ = {
			isa = PBXShellScriptBuildPhase;
			buildActionMask = 2147483647;
			files = (
			);
			inputPaths = (
			);
			name = "[CP] Embed Pods Frameworks";
			outputPaths = (
			);
			runOnlyForDeploymentPostprocessing = 0;
			shellPath = /bin/sh;
			shellScript = "\"${SRCROOT}/Pods/Target Support Files/Pods-JHHSAN/Pods-JHHSAN-frameworks.sh\"\n";
			showEnvVarsInLog = 0;
		};
		CA57552E2E2840DDE645DD6E /* [CP] Copy Pods Resources */ = {
			isa = PBXShellScriptBuildPhase;
			buildActionMask = 2147483647;
			files = (
			);
			inputPaths = (
			);
			name = "[CP] Copy Pods Resources";
			outputPaths = (
			);
			runOnlyForDeploymentPostprocessing = 0;
			shellPath = /bin/sh;
			shellScript = "\"${SRCROOT}/Pods/Target Support Files/Pods-JHHSAN/Pods-JHHSAN-resources.sh\"\n";
			showEnvVarsInLog = 0;
		};
		F9F4FCCB67A040D07B7C03C7 /* [CP] Check Pods Manifest.lock */ = {
			isa = PBXShellScriptBuildPhase;
			buildActionMask = 2147483647;
			files = (
			);
			inputPaths = (
			);
			name = "[CP] Check Pods Manifest.lock";
			outputPaths = (
			);
			runOnlyForDeploymentPostprocessing = 0;
			shellPath = /bin/sh;
			shellScript = "diff \"${PODS_ROOT}/../Podfile.lock\" \"${PODS_ROOT}/Manifest.lock\" > /dev/null\nif [ $? != 0 ] ; then\n    # print error to STDERR\n    echo \"error: The sandbox is not in sync with the Podfile.lock. Run 'pod install' or update your CocoaPods installation.\" >&2\n    exit 1\nfi\n";
			showEnvVarsInLog = 0;
		};
/* End PBXShellScriptBuildPhase section */

/* Begin PBXSourcesBuildPhase section */
		D71A57BA1DB66E00005992D0 /* Sources */ = {
			isa = PBXSourcesBuildPhase;
			buildActionMask = 2147483647;
			files = (
				8E7069421DD24AED0099F4DB /* CodePinkSectionHeaderView.swift in Sources */,
				8E41E3B11DD61C350047F302 /* SectionHeaderView1.swift in Sources */,
				8E7069431DD24AED0099F4DB /* CodeWhiteSectionHeaderView.swift in Sources */,
				D71A57C41DB66E00005992D0 /* ViewController.swift in Sources */,
				D769110E1DBA67400074D26A /* SafariViewController.swift in Sources */,
				D77657F51DBFABAF00721C57 /* HerseyHandbookViewController.swift in Sources */,
				8E7069361DD24AE40099F4DB /* CodeCellView.swift in Sources */,
				8E70692F1DD24AD80099F4DB /* AnimationClass.swift in Sources */,
				D71A57C21DB66E00005992D0 /* AppDelegate.swift in Sources */,
				8E7069371DD24AE40099F4DB /* CellView.swift in Sources */,
			);
			runOnlyForDeploymentPostprocessing = 0;
		};
/* End PBXSourcesBuildPhase section */

/* Begin PBXVariantGroup section */
		D71A57C51DB66E00005992D0 /* Main.storyboard */ = {
			isa = PBXVariantGroup;
			children = (
				D71A57C61DB66E00005992D0 /* Base */,
			);
			name = Main.storyboard;
			sourceTree = "<group>";
		};
		D71A57CA1DB66E00005992D0 /* LaunchScreen.storyboard */ = {
			isa = PBXVariantGroup;
			children = (
				D71A57CB1DB66E00005992D0 /* Base */,
			);
			name = LaunchScreen.storyboard;
			sourceTree = "<group>";
		};
/* End PBXVariantGroup section */

/* Begin XCBuildConfiguration section */
		D71A57CE1DB66E00005992D0 /* Debug */ = {
			isa = XCBuildConfiguration;
			buildSettings = {
				ALWAYS_SEARCH_USER_PATHS = NO;
				CLANG_ANALYZER_NONNULL = YES;
				CLANG_CXX_LANGUAGE_STANDARD = "gnu++0x";
				CLANG_CXX_LIBRARY = "libc++";
				CLANG_ENABLE_MODULES = YES;
				CLANG_ENABLE_OBJC_ARC = YES;
				CLANG_WARN_BOOL_CONVERSION = YES;
				CLANG_WARN_CONSTANT_CONVERSION = YES;
				CLANG_WARN_DIRECT_OBJC_ISA_USAGE = YES_ERROR;
				CLANG_WARN_DOCUMENTATION_COMMENTS = YES;
				CLANG_WARN_EMPTY_BODY = YES;
				CLANG_WARN_ENUM_CONVERSION = YES;
				CLANG_WARN_INFINITE_RECURSION = YES;
				CLANG_WARN_INT_CONVERSION = YES;
				CLANG_WARN_OBJC_ROOT_CLASS = YES_ERROR;
				CLANG_WARN_SUSPICIOUS_MOVE = YES;
				CLANG_WARN_SUSPICIOUS_MOVES = YES;
				CLANG_WARN_UNREACHABLE_CODE = YES;
				CLANG_WARN__DUPLICATE_METHOD_MATCH = YES;
				"CODE_SIGN_IDENTITY[sdk=iphoneos*]" = "iPhone Developer";
				COPY_PHASE_STRIP = NO;
				DEBUG_INFORMATION_FORMAT = dwarf;
				ENABLE_STRICT_OBJC_MSGSEND = YES;
				ENABLE_TESTABILITY = YES;
				GCC_C_LANGUAGE_STANDARD = gnu99;
				GCC_DYNAMIC_NO_PIC = NO;
				GCC_NO_COMMON_BLOCKS = YES;
				GCC_OPTIMIZATION_LEVEL = 0;
				GCC_PREPROCESSOR_DEFINITIONS = (
					"DEBUG=1",
					"$(inherited)",
				);
				GCC_WARN_64_TO_32_BIT_CONVERSION = YES;
				GCC_WARN_ABOUT_RETURN_TYPE = YES_ERROR;
				GCC_WARN_UNDECLARED_SELECTOR = YES;
				GCC_WARN_UNINITIALIZED_AUTOS = YES_AGGRESSIVE;
				GCC_WARN_UNUSED_FUNCTION = YES;
				GCC_WARN_UNUSED_VARIABLE = YES;
				IPHONEOS_DEPLOYMENT_TARGET = 10.1;
				MTL_ENABLE_DEBUG_INFO = YES;
				ONLY_ACTIVE_ARCH = YES;
				SDKROOT = iphoneos;
				SWIFT_ACTIVE_COMPILATION_CONDITIONS = DEBUG;
				SWIFT_OPTIMIZATION_LEVEL = "-Onone";
				TARGETED_DEVICE_FAMILY = 2;
			};
			name = Debug;
		};
		D71A57CF1DB66E00005992D0 /* Release */ = {
			isa = XCBuildConfiguration;
			buildSettings = {
				ALWAYS_SEARCH_USER_PATHS = NO;
				CLANG_ANALYZER_NONNULL = YES;
				CLANG_CXX_LANGUAGE_STANDARD = "gnu++0x";
				CLANG_CXX_LIBRARY = "libc++";
				CLANG_ENABLE_MODULES = YES;
				CLANG_ENABLE_OBJC_ARC = YES;
				CLANG_WARN_BOOL_CONVERSION = YES;
				CLANG_WARN_CONSTANT_CONVERSION = YES;
				CLANG_WARN_DIRECT_OBJC_ISA_USAGE = YES_ERROR;
				CLANG_WARN_DOCUMENTATION_COMMENTS = YES;
				CLANG_WARN_EMPTY_BODY = YES;
				CLANG_WARN_ENUM_CONVERSION = YES;
				CLANG_WARN_INFINITE_RECURSION = YES;
				CLANG_WARN_INT_CONVERSION = YES;
				CLANG_WARN_OBJC_ROOT_CLASS = YES_ERROR;
				CLANG_WARN_SUSPICIOUS_MOVE = YES;
				CLANG_WARN_SUSPICIOUS_MOVES = YES;
				CLANG_WARN_UNREACHABLE_CODE = YES;
				CLANG_WARN__DUPLICATE_METHOD_MATCH = YES;
				"CODE_SIGN_IDENTITY[sdk=iphoneos*]" = "iPhone Developer";
				COPY_PHASE_STRIP = NO;
				DEBUG_INFORMATION_FORMAT = "dwarf-with-dsym";
				ENABLE_NS_ASSERTIONS = NO;
				ENABLE_STRICT_OBJC_MSGSEND = YES;
				GCC_C_LANGUAGE_STANDARD = gnu99;
				GCC_NO_COMMON_BLOCKS = YES;
				GCC_WARN_64_TO_32_BIT_CONVERSION = YES;
				GCC_WARN_ABOUT_RETURN_TYPE = YES_ERROR;
				GCC_WARN_UNDECLARED_SELECTOR = YES;
				GCC_WARN_UNINITIALIZED_AUTOS = YES_AGGRESSIVE;
				GCC_WARN_UNUSED_FUNCTION = YES;
				GCC_WARN_UNUSED_VARIABLE = YES;
				IPHONEOS_DEPLOYMENT_TARGET = 10.1;
				MTL_ENABLE_DEBUG_INFO = NO;
				SDKROOT = iphoneos;
				SWIFT_OPTIMIZATION_LEVEL = "-Owholemodule";
				TARGETED_DEVICE_FAMILY = 2;
				VALIDATE_PRODUCT = YES;
			};
			name = Release;
		};
		D71A57D11DB66E00005992D0 /* Debug */ = {
			isa = XCBuildConfiguration;
			baseConfigurationReference = FCE48424D2AFA38954625E73 /* Pods-JHHSAN.debug.xcconfig */;
			buildSettings = {
				ALWAYS_EMBED_SWIFT_STANDARD_LIBRARIES = YES;
				ASSETCATALOG_COMPILER_APPICON_NAME = AppIcon;
				DEVELOPMENT_TEAM = BWYT76Q3DS;
				INFOPLIST_FILE = JHHSAN/Info.plist;
				IPHONEOS_DEPLOYMENT_TARGET = 10.0;
				LD_RUNPATH_SEARCH_PATHS = "$(inherited) @executable_path/Frameworks";
				PRODUCT_BUNDLE_IDENTIFIER = org.jhhs.617365.JHHSAN;
				PRODUCT_NAME = "$(TARGET_NAME)";
				SWIFT_VERSION = 3.0;
			};
			name = Debug;
		};
		D71A57D21DB66E00005992D0 /* Release */ = {
			isa = XCBuildConfiguration;
			baseConfigurationReference = 2053185111230829E44ECBEA /* Pods-JHHSAN.release.xcconfig */;
			buildSettings = {
				ALWAYS_EMBED_SWIFT_STANDARD_LIBRARIES = YES;
				ASSETCATALOG_COMPILER_APPICON_NAME = AppIcon;
				DEVELOPMENT_TEAM = BWYT76Q3DS;
				INFOPLIST_FILE = JHHSAN/Info.plist;
				IPHONEOS_DEPLOYMENT_TARGET = 10.0;
				LD_RUNPATH_SEARCH_PATHS = "$(inherited) @executable_path/Frameworks";
				PRODUCT_BUNDLE_IDENTIFIER = org.jhhs.617365.JHHSAN;
				PRODUCT_NAME = "$(TARGET_NAME)";
				SWIFT_VERSION = 3.0;
			};
			name = Release;
		};
/* End XCBuildConfiguration section */

/* Begin XCConfigurationList section */
		D71A57B91DB66E00005992D0 /* Build configuration list for PBXProject "JHHSAN" */ = {
			isa = XCConfigurationList;
			buildConfigurations = (
				D71A57CE1DB66E00005992D0 /* Debug */,
				D71A57CF1DB66E00005992D0 /* Release */,
			);
			defaultConfigurationIsVisible = 0;
			defaultConfigurationName = Release;
		};
		D71A57D01DB66E00005992D0 /* Build configuration list for PBXNativeTarget "JHHSAN" */ = {
			isa = XCConfigurationList;
			buildConfigurations = (
				D71A57D11DB66E00005992D0 /* Debug */,
				D71A57D21DB66E00005992D0 /* Release */,
			);
			defaultConfigurationIsVisible = 0;
			defaultConfigurationName = Release;
		};
/* End XCConfigurationList section */
	};
	rootObject = D71A57B61DB66E00005992D0 /* Project object */;
}
