// !$*UTF8*$!
{
	archiveVersion = 1;
	classes = {
	};
	objectVersion = 46;
	objects = {

/* Begin PBXBuildFile section */
		D71A57C21DB66E00005992D0 /* AppDelegate.swift in Sources */ = {isa = PBXBuildFile; fileRef = D71A57C11DB66E00005992D0 /* AppDelegate.swift */; };
		D71A57C41DB66E00005992D0 /* ViewController.swift in Sources */ = {isa = PBXBuildFile; fileRef = D71A57C31DB66E00005992D0 /* ViewController.swift */; };
		D71A57C71DB66E00005992D0 /* Main.storyboard in Resources */ = {isa = PBXBuildFile; fileRef = D71A57C51DB66E00005992D0 /* Main.storyboard */; };
		D71A57C91DB66E00005992D0 /* Assets.xcassets in Resources */ = {isa = PBXBuildFile; fileRef = D71A57C81DB66E00005992D0 /* Assets.xcassets */; };
		D71A57CC1DB66E00005992D0 /* LaunchScreen.storyboard in Resources */ = {isa = PBXBuildFile; fileRef = D71A57CA1DB66E00005992D0 /* LaunchScreen.storyboard */; };
		D769110E1DBA67400074D26A /* SafariViewController.swift in Sources */ = {isa = PBXBuildFile; fileRef = D769110D1DBA67400074D26A /* SafariViewController.swift */; };
		D77657F51DBFABAF00721C57 /* HerseyHandbookViewController.swift in Sources */ = {isa = PBXBuildFile; fileRef = D77657F41DBFABAF00721C57 /* HerseyHandbookViewController.swift */; };
/* End PBXBuildFile section */

/* Begin PBXFileReference section */
		D71A57BE1DB66E00005992D0 /* JHHSAN.app */ = {isa = PBXFileReference; explicitFileType = wrapper.application; includeInIndex = 0; path = JHHSAN.app; sourceTree = BUILT_PRODUCTS_DIR; };
		D71A57C11DB66E00005992D0 /* AppDelegate.swift */ = {isa = PBXFileReference; lastKnownFileType = sourcecode.swift; path = AppDelegate.swift; sourceTree = "<group>"; };
		D71A57C31DB66E00005992D0 /* ViewController.swift */ = {isa = PBXFileReference; lastKnownFileType = sourcecode.swift; path = ViewController.swift; sourceTree = "<group>"; };
		D71A57C61DB66E00005992D0 /* Base */ = {isa = PBXFileReference; lastKnownFileType = file.storyboard; name = Base; path = Base.lproj/Main.storyboard; sourceTree = "<group>"; };
		D71A57C81DB66E00005992D0 /* Assets.xcassets */ = {isa = PBXFileReference; lastKnownFileType = folder.assetcatalog; path = Assets.xcassets; sourceTree = "<group>"; };
		D71A57CB1DB66E00005992D0 /* Base */ = {isa = PBXFileReference; lastKnownFileType = file.storyboard; name = Base; path = Base.lproj/LaunchScreen.storyboard; sourceTree = "<group>"; };
		D71A57CD1DB66E00005992D0 /* Info.plist */ = {isa = PBXFileReference; lastKnownFileType = text.plist.xml; path = Info.plist; sourceTree = "<group>"; };
		D769110D1DBA67400074D26A /* SafariViewController.swift */ = {isa = PBXFileReference; fileEncoding = 4; lastKnownFileType = sourcecode.swift; path = SafariViewController.swift; sourceTree = "<group>"; };
		D77657F41DBFABAF00721C57 /* HerseyHandbookViewController.swift */ = {isa = PBXFileReference; fileEncoding = 4; lastKnownFileType = sourcecode.swift; name = HerseyHandbookViewController.swift; path = ../HerseyHandbookViewController.swift; sourceTree = "<group>"; };
/* End PBXFileReference section */

/* Begin PBXFrameworksBuildPhase section */
		D71A57BB1DB66E00005992D0 /* Frameworks */ = {
			isa = PBXFrameworksBuildPhase;
			buildActionMask = 2147483647;
			files = (
			);
			runOnlyForDeploymentPostprocessing = 0;
		};
/* End PBXFrameworksBuildPhase section */

/* Begin PBXGroup section */
		D71A57B51DB66E00005992D0 = {
			isa = PBXGroup;
			children = (
				D71A57C01DB66E00005992D0 /* JHHSAN */,
				D71A57BF1DB66E00005992D0 /* Products */,
			);
			sourceTree = "<group>";
		};
		D71A57BF1DB66E00005992D0 /* Products */ = {
			isa = PBXGroup;
			children = (
				D71A57BE1DB66E00005992D0 /* JHHSAN.app */,
			);
			name = Products;
			sourceTree = "<group>";
		};
		D71A57C01DB66E00005992D0 /* JHHSAN */ = {
			isa = PBXGroup;
			children = (
				D71A57C11DB66E00005992D0 /* AppDelegate.swift */,
				D71A57C31DB66E00005992D0 /* ViewController.swift */,
				D769110D1DBA67400074D26A /* SafariViewController.swift */,
				D77657F41DBFABAF00721C57 /* HerseyHandbookViewController.swift */,
				D71A57C51DB66E00005992D0 /* Main.storyboard */,
				D71A57C81DB66E00005992D0 /* Assets.xcassets */,
				D71A57CA1DB66E00005992D0 /* LaunchScreen.storyboard */,
				D71A57CD1DB66E00005992D0 /* Info.plist */,
			);
			path = JHHSAN;
			sourceTree = "<group>";
		};
/* End PBXGroup section */

/* Begin PBXNativeTarget section */
		D71A57BD1DB66E00005992D0 /* JHHSAN */ = {
			isa = PBXNativeTarget;
			buildConfigurationList = D71A57D01DB66E00005992D0 /* Build configuration list for PBXNativeTarget "JHHSAN" */;
			buildPhases = (
				D71A57BA1DB66E00005992D0 /* Sources */,
				D71A57BB1DB66E00005992D0 /* Frameworks */,
				D71A57BC1DB66E00005992D0 /* Resources */,
			);
			buildRules = (
			);
			dependencies = (
			);
			name = JHHSAN;
			productName = JHHSAN;
			productReference = D71A57BE1DB66E00005992D0 /* JHHSAN.app */;
			productType = "com.apple.product-type.application";
		};
/* End PBXNativeTarget section */

/* Begin PBXProject section */
		D71A57B61DB66E00005992D0 /* Project object */ = {
			isa = PBXProject;
			attributes = {
				LastSwiftUpdateCheck = 0810;
				LastUpgradeCheck = 0810;
				ORGANIZATIONNAME = "John Hersey High School";
				TargetAttributes = {
					D71A57BD1DB66E00005992D0 = {
						CreatedOnToolsVersion = 8.1;
						DevelopmentTeam = BWYT76Q3DS;
						ProvisioningStyle = Automatic;
					};
				};
			};
			buildConfigurationList = D71A57B91DB66E00005992D0 /* Build configuration list for PBXProject "JHHSAN" */;
			compatibilityVersion = "Xcode 3.2";
			developmentRegion = English;
			hasScannedForEncodings = 0;
			knownRegions = (
				en,
				Base,
			);
			mainGroup = D71A57B51DB66E00005992D0;
			productRefGroup = D71A57BF1DB66E00005992D0 /* Products */;
			projectDirPath = "";
			projectRoot = "";
			targets = (
				D71A57BD1DB66E00005992D0 /* JHHSAN */,
			);
		};
/* End PBXProject section */

/* Begin PBXResourcesBuildPhase section */
		D71A57BC1DB66E00005992D0 /* Resources */ = {
			isa = PBXResourcesBuildPhase;
			buildActionMask = 2147483647;
			files = (
				D71A57CC1DB66E00005992D0 /* LaunchScreen.storyboard in Resources */,
				D71A57C91DB66E00005992D0 /* Assets.xcassets in Resources */,
				D71A57C71DB66E00005992D0 /* Main.storyboard in Resources */,
			);
			runOnlyForDeploymentPostprocessing = 0;
		};
/* End PBXResourcesBuildPhase section */

/* Begin PBXSourcesBuildPhase section */
		D71A57BA1DB66E00005992D0 /* Sources */ = {
			isa = PBXSourcesBuildPhase;
			buildActionMask = 2147483647;
			files = (
				D71A57C41DB66E00005992D0 /* ViewController.swift in Sources */,
				D769110E1DBA67400074D26A /* SafariViewController.swift in Sources */,
				D77657F51DBFABAF00721C57 /* HerseyHandbookViewController.swift in Sources */,
				D71A57C21DB66E00005992D0 /* AppDelegate.swift in Sources */,
			);
			runOnlyForDeploymentPostprocessing = 0;
		};
/* End PBXSourcesBuildPhase section */

/* Begin PBXVariantGroup section */
		D71A57C51DB66E00005992D0 /* Main.storyboard */ = {
			isa = PBXVariantGroup;
			children = (
				D71A57C61DB66E00005992D0 /* Base */,
			);
			name = Main.storyboard;
			sourceTree = "<group>";
		};
		D71A57CA1DB66E00005992D0 /* LaunchScreen.storyboard */ = {
			isa = PBXVariantGroup;
			children = (
				D71A57CB1DB66E00005992D0 /* Base */,
			);
			name = LaunchScreen.storyboard;
			sourceTree = "<group>";
		};
/* End PBXVariantGroup section */

/* Begin XCBuildConfiguration section */
		D71A57CE1DB66E00005992D0 /* Debug */ = {
			isa = XCBuildConfiguration;
			buildSettings = {
				ALWAYS_SEARCH_USER_PATHS = NO;
				CLANG_ANALYZER_NONNULL = YES;
				CLANG_CXX_LANGUAGE_STANDARD = "gnu++0x";
				CLANG_CXX_LIBRARY = "libc++";
				CLANG_ENABLE_MODULES = YES;
				CLANG_ENABLE_OBJC_ARC = YES;
				CLANG_WARN_BOOL_CONVERSION = YES;
				CLANG_WARN_CONSTANT_CONVERSION = YES;
				CLANG_WARN_DIRECT_OBJC_ISA_USAGE = YES_ERROR;
				CLANG_WARN_DOCUMENTATION_COMMENTS = YES;
				CLANG_WARN_EMPTY_BODY = YES;
				CLANG_WARN_ENUM_CONVERSION = YES;
				CLANG_WARN_INFINITE_RECURSION = YES;
				CLANG_WARN_INT_CONVERSION = YES;
				CLANG_WARN_OBJC_ROOT_CLASS = YES_ERROR;
				CLANG_WARN_SUSPICIOUS_MOVES = YES;
				CLANG_WARN_UNREACHABLE_CODE = YES;
				CLANG_WARN__DUPLICATE_METHOD_MATCH = YES;
				"CODE_SIGN_IDENTITY[sdk=iphoneos*]" = "iPhone Developer";
				COPY_PHASE_STRIP = NO;
				DEBUG_INFORMATION_FORMAT = dwarf;
				ENABLE_STRICT_OBJC_MSGSEND = YES;
				ENABLE_TESTABILITY = YES;
				GCC_C_LANGUAGE_STANDARD = gnu99;
				GCC_DYNAMIC_NO_PIC = NO;
				GCC_NO_COMMON_BLOCKS = YES;
				GCC_OPTIMIZATION_LEVEL = 0;
				GCC_PREPROCESSOR_DEFINITIONS = (
					"DEBUG=1",
					"$(inherited)",
				);
				GCC_WARN_64_TO_32_BIT_CONVERSION = YES;
				GCC_WARN_ABOUT_RETURN_TYPE = YES_ERROR;
				GCC_WARN_UNDECLARED_SELECTOR = YES;
				GCC_WARN_UNINITIALIZED_AUTOS = YES_AGGRESSIVE;
				GCC_WARN_UNUSED_FUNCTION = YES;
				GCC_WARN_UNUSED_VARIABLE = YES;
				IPHONEOS_DEPLOYMENT_TARGET = 10.1;
				MTL_ENABLE_DEBUG_INFO = YES;
				ONLY_ACTIVE_ARCH = YES;
				SDKROOT = iphoneos;
				SWIFT_ACTIVE_COMPILATION_CONDITIONS = DEBUG;
				SWIFT_OPTIMIZATION_LEVEL = "-Onone";
				TARGETED_DEVICE_FAMILY = 2;
			};
			name = Debug;
		};
		D71A57CF1DB66E00005992D0 /* Release */ = {
			isa = XCBuildConfiguration;
			buildSettings = {
				ALWAYS_SEARCH_USER_PATHS = NO;
				CLANG_ANALYZER_NONNULL = YES;
				CLANG_CXX_LANGUAGE_STANDARD = "gnu++0x";
				CLANG_CXX_LIBRARY = "libc++";
				CLANG_ENABLE_MODULES = YES;
				CLANG_ENABLE_OBJC_ARC = YES;
				CLANG_WARN_BOOL_CONVERSION = YES;
				CLANG_WARN_CONSTANT_CONVERSION = YES;
				CLANG_WARN_DIRECT_OBJC_ISA_USAGE = YES_ERROR;
				CLANG_WARN_DOCUMENTATION_COMMENTS = YES;
				CLANG_WARN_EMPTY_BODY = YES;
				CLANG_WARN_ENUM_CONVERSION = YES;
				CLANG_WARN_INFINITE_RECURSION = YES;
				CLANG_WARN_INT_CONVERSION = YES;
				CLANG_WARN_OBJC_ROOT_CLASS = YES_ERROR;
				CLANG_WARN_SUSPICIOUS_MOVES = YES;
				CLANG_WARN_UNREACHABLE_CODE = YES;
				CLANG_WARN__DUPLICATE_METHOD_MATCH = YES;
				"CODE_SIGN_IDENTITY[sdk=iphoneos*]" = "iPhone Developer";
				COPY_PHASE_STRIP = NO;
				DEBUG_INFORMATION_FORMAT = "dwarf-with-dsym";
				ENABLE_NS_ASSERTIONS = NO;
				ENABLE_STRICT_OBJC_MSGSEND = YES;
				GCC_C_LANGUAGE_STANDARD = gnu99;
				GCC_NO_COMMON_BLOCKS = YES;
				GCC_WARN_64_TO_32_BIT_CONVERSION = YES;
				GCC_WARN_ABOUT_RETURN_TYPE = YES_ERROR;
				GCC_WARN_UNDECLARED_SELECTOR = YES;
				GCC_WARN_UNINITIALIZED_AUTOS = YES_AGGRESSIVE;
				GCC_WARN_UNUSED_FUNCTION = YES;
				GCC_WARN_UNUSED_VARIABLE = YES;
				IPHONEOS_DEPLOYMENT_TARGET = 10.1;
				MTL_ENABLE_DEBUG_INFO = NO;
				SDKROOT = iphoneos;
				SWIFT_OPTIMIZATION_LEVEL = "-Owholemodule";
				TARGETED_DEVICE_FAMILY = 2;
				VALIDATE_PRODUCT = YES;
			};
			name = Release;
		};
		D71A57D11DB66E00005992D0 /* Debug */ = {
			isa = XCBuildConfiguration;
			buildSettings = {
				ASSETCATALOG_COMPILER_APPICON_NAME = AppIcon;
				DEVELOPMENT_TEAM = BWYT76Q3DS;
				INFOPLIST_FILE = JHHSAN/Info.plist;
				IPHONEOS_DEPLOYMENT_TARGET = 10.0;
				LD_RUNPATH_SEARCH_PATHS = "$(inherited) @executable_path/Frameworks";
				PRODUCT_BUNDLE_IDENTIFIER = org.jhhs.617365.JHHSAN;
				PRODUCT_NAME = "$(TARGET_NAME)";
				SWIFT_VERSION = 3.0;
			};
			name = Debug;
		};
		D71A57D21DB66E00005992D0 /* Release */ = {
			isa = XCBuildConfiguration;
			buildSettings = {
				ASSETCATALOG_COMPILER_APPICON_NAME = AppIcon;
				DEVELOPMENT_TEAM = BWYT76Q3DS;
				INFOPLIST_FILE = JHHSAN/Info.plist;
				IPHONEOS_DEPLOYMENT_TARGET = 10.0;
				LD_RUNPATH_SEARCH_PATHS = "$(inherited) @executable_path/Frameworks";
				PRODUCT_BUNDLE_IDENTIFIER = org.jhhs.617365.JHHSAN;
				PRODUCT_NAME = "$(TARGET_NAME)";
				SWIFT_VERSION = 3.0;
			};
			name = Release;
		};
/* End XCBuildConfiguration section */

/* Begin XCConfigurationList section */
		D71A57B91DB66E00005992D0 /* Build configuration list for PBXProject "JHHSAN" */ = {
			isa = XCConfigurationList;
			buildConfigurations = (
				D71A57CE1DB66E00005992D0 /* Debug */,
				D71A57CF1DB66E00005992D0 /* Release */,
			);
			defaultConfigurationIsVisible = 0;
			defaultConfigurationName = Release;
		};
		D71A57D01DB66E00005992D0 /* Build configuration list for PBXNativeTarget "JHHSAN" */ = {
			isa = XCConfigurationList;
			buildConfigurations = (
				D71A57D11DB66E00005992D0 /* Debug */,
				D71A57D21DB66E00005992D0 /* Release */,
			);
			defaultConfigurationIsVisible = 0;
			defaultConfigurationName = Release;
		};
/* End XCConfigurationList section */
	};
	rootObject = D71A57B61DB66E00005992D0 /* Project object */;
}
